github.com/netvfy/tuntap v0.0.0-20200317203138-2b4b6d7c09d8 h1:jSWCepJciqBjij4I1l+b/A1QVKFH8PMJ9jSZK0FMm+I=
github.com/netvfy/tuntap v0.0.0-20200317203138-2b4b6d7c09d8/go.mod h1:Yz9zvS6Dxzg7R1+lcmnla1bJjiMxmJ9NaiwKiVu2pGg=
github.com/songgao/water v0.0.0-20200317203138-2b4b6d7c09d8 h1:TG/diQgUe0pntT/2D9tmUCz4VNwm9MfrtPr0SU2qSX8=
github.com/songgao/water v0.0.0-20200317203138-2b4b6d7c09d8/go.mod h1:P5HUIBuIWKbyjl083/loAegFkfbFNx5i2qEP4CNbm7E=
golang.org/x/sys v0.0.0-20201221093633-bc327ba9c2f0 h1:n+DPcgTwkgWzIFpLmoimYR2K2b0Ga5+Os4kayIN0vGo=
golang.org/x/sys v0.0.0-20201221093633-bc327ba9c2f0/go.mod h1:h1NjWce9XRLGQEsW7wpKNCjG9DtNlClVuFLEZdDNbEs=
