github.com/netvfy/tuntap v0.0.0-20201221212056-1d1f27b3f352 h1:EQ07p0tg03ItIAtDNRm0LpJRP9d3qd6ZU22fdC6Z+j8=
github.com/netvfy/tuntap v0.0.0-20201221212056-1d1f27b3f352/go.mod h1:Yz9zvS6Dxzg7R1+lcmnla1bJjiMxmJ9NaiwKiVu2pGg=
golang.org/x/sys v0.0.0-20201221093633-bc327ba9c2f0 h1:n+DPcgTwkgWzIFpLmoimYR2K2b0Ga5+Os4kayIN0vGo=
golang.org/x/sys v0.0.0-20201221093633-bc327ba9c2f0/go.mod h1:h1NjWce9XRLGQEsW7wpKNCjG9DtNlClVuFLEZdDNbEs=
